<?xml version="1.0" encoding="utf-8"?>
<Project ToolsVersion="4.0" xmlns="http://schemas.microsoft.com/developer/msbuild/2003">
  <ItemGroup>
    <Filter Include="Main">
      <UniqueIdentifier>{ad539306-b038-45a1-a11b-cd40739f0c46}</UniqueIdentifier>
    </Filter>
    <Filter Include="Utils">
      <UniqueIdentifier>{29273091-c1fd-4b82-8bf0-6147d9fe48ab}</UniqueIdentifier>
    </Filter>
  </ItemGroup>
  <ItemGroup>
    <ClCompile Include="GameServer.cpp">
      <Filter>Main</Filter>
    </ClCompile>
    <ClCompile Include="pch.cpp" />
    <ClCompile Include="SpinLock.cpp">
      <Filter>Main</Filter>
    </ClCompile>
  </ItemGroup>
  <ItemGroup>
    <ClInclude Include="pch.h" />
    <ClInclude Include="ConcurrentStack.hpp">
      <Filter>Main</Filter>
    </ClInclude>
    <ClInclude Include="ConcurrentQueue.hpp">
      <Filter>Main</Filter>
    </ClInclude>
    <ClInclude Include="ConcurrentStack.inl">
      <Filter>Main</Filter>
    </ClInclude>
    <ClInclude Include="ConcurrentQueue.inl">
      <Filter>Main</Filter>
    </ClInclude>
    <ClInclude Include="SpinLock.h">
      <Filter>Main</Filter>
    </ClInclude>
  </ItemGroup>
</Project>