<?xml version="1.0" encoding="utf-8"?>
<Project ToolsVersion="4.0" xmlns="http://schemas.microsoft.com/developer/msbuild/2003">
  <ItemGroup>
    <Filter Include="Main">
      <UniqueIdentifier>{2f37e517-5da3-4abd-a01f-cc353b265b7c}</UniqueIdentifier>
    </Filter>
    <Filter Include="Utils">
      <UniqueIdentifier>{15c28f61-8cfa-4f0c-8996-86d416cc154c}</UniqueIdentifier>
    </Filter>
  </ItemGroup>
  <ItemGroup>
    <ClCompile Include="GameServer.cpp">
      <Filter>Main</Filter>
    </ClCompile>
    <ClCompile Include="Precompiled.cpp" />
    <ClCompile Include="Stack.cpp" />
  </ItemGroup>
  <ItemGroup>
    <ClInclude Include="Precompiled.h" />
    <ClInclude Include="Stack.h" />
  </ItemGroup>
</Project>