<?xml version="1.0" encoding="utf-8"?>
<Project ToolsVersion="4.0" xmlns="http://schemas.microsoft.com/developer/msbuild/2003">
  <ItemGroup>
    <Filter Include="NetWork">
      <UniqueIdentifier>{2dc6326e-17b5-463b-b0e8-b2edc4f940d4}</UniqueIdentifier>
    </Filter>
    <Filter Include="Utils">
      <UniqueIdentifier>{2d9736d4-49f5-4358-9305-891135178662}</UniqueIdentifier>
    </Filter>
    <Filter Include="Main">
      <UniqueIdentifier>{4ede3eb6-4d23-44e8-a5a5-344ba66ea3c1}</UniqueIdentifier>
    </Filter>
    <Filter Include="Thread">
      <UniqueIdentifier>{05ec119d-c54e-4a57-a975-6cf6eb292f51}</UniqueIdentifier>
    </Filter>
    <Filter Include="Common">
      <UniqueIdentifier>{9d091974-3f52-440b-befc-cfdae0b3f4d1}</UniqueIdentifier>
    </Filter>
    <Filter Include="Interface">
      <UniqueIdentifier>{2a1fa352-ac32-41a5-b522-5b910df5b426}</UniqueIdentifier>
    </Filter>
    <Filter Include="Memory">
      <UniqueIdentifier>{297309f2-3c0c-4f44-989a-c698d7c2f569}</UniqueIdentifier>
    </Filter>
    <Filter Include="Main\Definition">
      <UniqueIdentifier>{877a8fb2-de5a-41b0-99c4-9ea1ae773a47}</UniqueIdentifier>
    </Filter>
  </ItemGroup>
  <ItemGroup>
    <ClInclude Include="Types.h">
      <Filter>Main</Filter>
    </ClInclude>
    <ClInclude Include="Precompiled.h">
      <Filter>Main</Filter>
    </ClInclude>
    <ClInclude Include="ThreadManager.h">
      <Filter>Thread</Filter>
    </ClInclude>
    <ClInclude Include="CommonInclude.h">
      <Filter>Common</Filter>
    </ClInclude>
    <ClInclude Include="CommonGlobal.h">
      <Filter>Common</Filter>
    </ClInclude>
    <ClInclude Include="CommonThreadLocal.h">
      <Filter>Common</Filter>
    </ClInclude>
    <ClInclude Include="SingletonInterface.hpp">
      <Filter>Interface</Filter>
    </ClInclude>
    <ClInclude Include="Lock.h">
      <Filter>Thread</Filter>
    </ClInclude>
    <ClInclude Include="LockGuard.h">
      <Filter>Thread</Filter>
    </ClInclude>
    <ClInclude Include="WriteLockGuard.h">
      <Filter>Thread</Filter>
    </ClInclude>
    <ClInclude Include="DeadLockDetector.h">
      <Filter>Thread</Filter>
    </ClInclude>
    <ClInclude Include="Allocator.h">
      <Filter>Memory</Filter>
    </ClInclude>
    <ClInclude Include="Definition.h">
      <Filter>Main\Definition</Filter>
    </ClInclude>
    <ClInclude Include="DefineLog.h">
      <Filter>Main\Definition</Filter>
    </ClInclude>
    <ClInclude Include="DefineMemory.h">
      <Filter>Main\Definition</Filter>
    </ClInclude>
    <ClInclude Include="Memory.h">
      <Filter>Memory</Filter>
    </ClInclude>
  </ItemGroup>
  <ItemGroup>
    <ClCompile Include="Precompiled.cpp">
      <Filter>Main</Filter>
    </ClCompile>
    <ClCompile Include="ThreadManager.cpp">
      <Filter>Thread</Filter>
    </ClCompile>
    <ClCompile Include="CommonGlobal.cpp">
      <Filter>Common</Filter>
    </ClCompile>
    <ClCompile Include="CommonInclude.cpp">
      <Filter>Common</Filter>
    </ClCompile>
    <ClCompile Include="CommonThreadLocal.cpp">
      <Filter>Common</Filter>
    </ClCompile>
    <ClCompile Include="Lock.cpp">
      <Filter>Thread</Filter>
    </ClCompile>
    <ClCompile Include="LockGuard.cpp">
      <Filter>Thread</Filter>
    </ClCompile>
    <ClCompile Include="WriteLockGuard.cpp">
      <Filter>Thread</Filter>
    </ClCompile>
    <ClCompile Include="DeadLockDetector.cpp">
      <Filter>Thread</Filter>
    </ClCompile>
    <ClCompile Include="Allocator.cpp">
      <Filter>Memory</Filter>
    </ClCompile>
    <ClCompile Include="Memory.cpp">
      <Filter>Memory</Filter>
    </ClCompile>
  </ItemGroup>
</Project>